Microsoft Visual Studio Solution File, Format Version 12.00
# Visual Studio Version 17
VisualStudioVersion = 17.2.32630.192
MinimumVisualStudioVersion = 10.0.40219.1
Project("{9A19103F-16F7-4668-BE54-9A1E7A4F7556}") = "Org.Edgerunner.Moo.Udditor", "Org.Edgerunner.Moo.Udditor\Org.Edgerunner.Moo.Udditor.csproj", "{7ED1F958-260C-445E-946B-6F957160E309}"
EndProject
Project("{9A19103F-16F7-4668-BE54-9A1E7A4F7556}") = "Org.Edgerunner.Moo.Editor", "Org.Edgerunner.Moo.Editor\Org.Edgerunner.Moo.Editor.csproj", "{3CE5B1DA-8ABC-424B-B9B1-E3EA65943F8A}"
EndProject
Project("{9A19103F-16F7-4668-BE54-9A1E7A4F7556}") = "FastColoredTextBox", "FastColoredTextBox\FastColoredTextBox.csproj", "{1144B7FF-8137-4106-9B0D-E17EC389AF1C}"
EndProject
Project("{9A19103F-16F7-4668-BE54-9A1E7A4F7556}") = "Org.Edgerunner.ANTLR4.Tools.Common", "Org.Edgerunner.ANTLR4.Tools.Common\Org.Edgerunner.ANTLR4.Tools.Common.csproj", "{6CC0D81F-7082-4E46-BBE8-37A43C4DEA79}"
EndProject
Project("{2150E333-8FDC-42A3-9474-1A3956D46DE8}") = "Solution Configuration", "Solution Configuration", "{E39D283A-EFFD-4807-BC13-E64647099244}"
	ProjectSection(SolutionItems) = preProject
		LICENSE.txt = LICENSE.txt
		Moo Developer Tools.sln.DotSettings = Moo Developer Tools.sln.DotSettings
		README.md = README.md
		Settings.StyleCop = Settings.StyleCop
	EndProjectSection
EndProject
Project("{9A19103F-16F7-4668-BE54-9A1E7A4F7556}") = "Org.Edgerunner.Mud.MCP", "Org.Edgerunner.Mud.MCP\Org.Edgerunner.Mud.MCP.csproj", "{A4A1F6E3-257E-40B3-B0F6-781574247FDB}"
EndProject
Project("{9A19103F-16F7-4668-BE54-9A1E7A4F7556}") = "Org.Edgerunner.Messaging", "Org.Edgerunner.Messaging\Org.Edgerunner.Messaging.csproj", "{771FCA3E-7245-4DC7-9F74-67739E4963D1}"
EndProject
Project("{9A19103F-16F7-4668-BE54-9A1E7A4F7556}") = "Org.Edgerunner.Mud.Communication", "Org.Edgerunner.Mud.Communication\Org.Edgerunner.Mud.Communication.csproj", "{5EED186E-8DB0-4909-BC37-1E64899A1925}"
EndProject
Project("{9A19103F-16F7-4668-BE54-9A1E7A4F7556}") = "Org.Edgerunner.Common", "Org.Edgerunner.Common\Org.Edgerunner.Common.csproj", "{686803D5-A5A2-4F8C-946B-778E1BA82318}"
EndProject
Project("{9A19103F-16F7-4668-BE54-9A1E7A4F7556}") = "Org.Edgerunner.Moo.MooText", "Org.Edgerunner.Moo.MooText\Org.Edgerunner.Moo.MooText.csproj", "{56D66241-2AE5-4F08-B12E-EE41132D29B7}"
EndProject
Project("{9A19103F-16F7-4668-BE54-9A1E7A4F7556}") = "Org.Edgerunner.Mud.Common", "Org.Edgerunner.Mud.Common\Org.Edgerunner.Mud.Common.csproj", "{45F00600-4D7C-4376-A673-27A958DD1F4E}"
EndProject
Global
	GlobalSection(SolutionConfigurationPlatforms) = preSolution
		Debug|Any CPU = Debug|Any CPU
		Debug|x64 = Debug|x64
		Debug|x86 = Debug|x86
		Release|Any CPU = Release|Any CPU
		Release|x64 = Release|x64
		Release|x86 = Release|x86
	EndGlobalSection
	GlobalSection(ProjectConfigurationPlatforms) = postSolution
		{7ED1F958-260C-445E-946B-6F957160E309}.Debug|Any CPU.ActiveCfg = Debug|Any CPU
		{7ED1F958-260C-445E-946B-6F957160E309}.Debug|Any CPU.Build.0 = Debug|Any CPU
		{7ED1F958-260C-445E-946B-6F957160E309}.Debug|x64.ActiveCfg = Debug|x64
		{7ED1F958-260C-445E-946B-6F957160E309}.Debug|x64.Build.0 = Debug|x64
		{7ED1F958-260C-445E-946B-6F957160E309}.Debug|x86.ActiveCfg = Debug|x86
		{7ED1F958-260C-445E-946B-6F957160E309}.Debug|x86.Build.0 = Debug|x86
		{7ED1F958-260C-445E-946B-6F957160E309}.Release|Any CPU.ActiveCfg = Release|Any CPU
		{7ED1F958-260C-445E-946B-6F957160E309}.Release|Any CPU.Build.0 = Release|Any CPU
		{7ED1F958-260C-445E-946B-6F957160E309}.Release|x64.ActiveCfg = Release|x64
		{7ED1F958-260C-445E-946B-6F957160E309}.Release|x64.Build.0 = Release|x64
		{7ED1F958-260C-445E-946B-6F957160E309}.Release|x86.ActiveCfg = Release|x86
		{7ED1F958-260C-445E-946B-6F957160E309}.Release|x86.Build.0 = Release|x86
		{3CE5B1DA-8ABC-424B-B9B1-E3EA65943F8A}.Debug|Any CPU.ActiveCfg = Debug|Any CPU
		{3CE5B1DA-8ABC-424B-B9B1-E3EA65943F8A}.Debug|Any CPU.Build.0 = Debug|Any CPU
		{3CE5B1DA-8ABC-424B-B9B1-E3EA65943F8A}.Debug|x64.ActiveCfg = Debug|x64
		{3CE5B1DA-8ABC-424B-B9B1-E3EA65943F8A}.Debug|x64.Build.0 = Debug|x64
		{3CE5B1DA-8ABC-424B-B9B1-E3EA65943F8A}.Debug|x86.ActiveCfg = Debug|x86
		{3CE5B1DA-8ABC-424B-B9B1-E3EA65943F8A}.Debug|x86.Build.0 = Debug|x86
		{3CE5B1DA-8ABC-424B-B9B1-E3EA65943F8A}.Release|Any CPU.ActiveCfg = Release|Any CPU
		{3CE5B1DA-8ABC-424B-B9B1-E3EA65943F8A}.Release|Any CPU.Build.0 = Release|Any CPU
		{3CE5B1DA-8ABC-424B-B9B1-E3EA65943F8A}.Release|x64.ActiveCfg = Release|x64
		{3CE5B1DA-8ABC-424B-B9B1-E3EA65943F8A}.Release|x64.Build.0 = Release|x64
		{3CE5B1DA-8ABC-424B-B9B1-E3EA65943F8A}.Release|x86.ActiveCfg = Release|x86
		{3CE5B1DA-8ABC-424B-B9B1-E3EA65943F8A}.Release|x86.Build.0 = Release|x86
		{1144B7FF-8137-4106-9B0D-E17EC389AF1C}.Debug|Any CPU.ActiveCfg = Debug|Any CPU
		{1144B7FF-8137-4106-9B0D-E17EC389AF1C}.Debug|Any CPU.Build.0 = Debug|Any CPU
		{1144B7FF-8137-4106-9B0D-E17EC389AF1C}.Debug|x64.ActiveCfg = Debug|x64
		{1144B7FF-8137-4106-9B0D-E17EC389AF1C}.Debug|x64.Build.0 = Debug|x64
		{1144B7FF-8137-4106-9B0D-E17EC389AF1C}.Debug|x86.ActiveCfg = Debug|x86
		{1144B7FF-8137-4106-9B0D-E17EC389AF1C}.Debug|x86.Build.0 = Debug|x86
		{1144B7FF-8137-4106-9B0D-E17EC389AF1C}.Release|Any CPU.ActiveCfg = Release|Any CPU
		{1144B7FF-8137-4106-9B0D-E17EC389AF1C}.Release|Any CPU.Build.0 = Release|Any CPU
		{1144B7FF-8137-4106-9B0D-E17EC389AF1C}.Release|x64.ActiveCfg = Release|x64
		{1144B7FF-8137-4106-9B0D-E17EC389AF1C}.Release|x64.Build.0 = Release|x64
		{1144B7FF-8137-4106-9B0D-E17EC389AF1C}.Release|x86.ActiveCfg = Release|x86
		{1144B7FF-8137-4106-9B0D-E17EC389AF1C}.Release|x86.Build.0 = Release|x86
		{6CC0D81F-7082-4E46-BBE8-37A43C4DEA79}.Debug|Any CPU.ActiveCfg = Debug|Any CPU
		{6CC0D81F-7082-4E46-BBE8-37A43C4DEA79}.Debug|Any CPU.Build.0 = Debug|Any CPU
		{6CC0D81F-7082-4E46-BBE8-37A43C4DEA79}.Debug|x64.ActiveCfg = Debug|x64
		{6CC0D81F-7082-4E46-BBE8-37A43C4DEA79}.Debug|x64.Build.0 = Debug|x64
		{6CC0D81F-7082-4E46-BBE8-37A43C4DEA79}.Debug|x86.ActiveCfg = Debug|x86
		{6CC0D81F-7082-4E46-BBE8-37A43C4DEA79}.Debug|x86.Build.0 = Debug|x86
		{6CC0D81F-7082-4E46-BBE8-37A43C4DEA79}.Release|Any CPU.ActiveCfg = Release|Any CPU
		{6CC0D81F-7082-4E46-BBE8-37A43C4DEA79}.Release|Any CPU.Build.0 = Release|Any CPU
		{6CC0D81F-7082-4E46-BBE8-37A43C4DEA79}.Release|x64.ActiveCfg = Release|x64
		{6CC0D81F-7082-4E46-BBE8-37A43C4DEA79}.Release|x64.Build.0 = Release|x64
		{6CC0D81F-7082-4E46-BBE8-37A43C4DEA79}.Release|x86.ActiveCfg = Release|x86
		{6CC0D81F-7082-4E46-BBE8-37A43C4DEA79}.Release|x86.Build.0 = Release|x86
		{A4A1F6E3-257E-40B3-B0F6-781574247FDB}.Debug|Any CPU.ActiveCfg = Debug|Any CPU
		{A4A1F6E3-257E-40B3-B0F6-781574247FDB}.Debug|Any CPU.Build.0 = Debug|Any CPU
		{A4A1F6E3-257E-40B3-B0F6-781574247FDB}.Debug|x64.ActiveCfg = Debug|x64
		{A4A1F6E3-257E-40B3-B0F6-781574247FDB}.Debug|x64.Build.0 = Debug|x64
		{A4A1F6E3-257E-40B3-B0F6-781574247FDB}.Debug|x86.ActiveCfg = Debug|x86
		{A4A1F6E3-257E-40B3-B0F6-781574247FDB}.Debug|x86.Build.0 = Debug|x86
		{A4A1F6E3-257E-40B3-B0F6-781574247FDB}.Release|Any CPU.ActiveCfg = Release|Any CPU
		{A4A1F6E3-257E-40B3-B0F6-781574247FDB}.Release|Any CPU.Build.0 = Release|Any CPU
		{A4A1F6E3-257E-40B3-B0F6-781574247FDB}.Release|x64.ActiveCfg = Release|x64
		{A4A1F6E3-257E-40B3-B0F6-781574247FDB}.Release|x64.Build.0 = Release|x64
		{A4A1F6E3-257E-40B3-B0F6-781574247FDB}.Release|x86.ActiveCfg = Release|x86
		{A4A1F6E3-257E-40B3-B0F6-781574247FDB}.Release|x86.Build.0 = Release|x86
		{771FCA3E-7245-4DC7-9F74-67739E4963D1}.Debug|Any CPU.ActiveCfg = Debug|Any CPU
		{771FCA3E-7245-4DC7-9F74-67739E4963D1}.Debug|Any CPU.Build.0 = Debug|Any CPU
		{771FCA3E-7245-4DC7-9F74-67739E4963D1}.Debug|x64.ActiveCfg = Debug|x64
		{771FCA3E-7245-4DC7-9F74-67739E4963D1}.Debug|x64.Build.0 = Debug|x64
		{771FCA3E-7245-4DC7-9F74-67739E4963D1}.Debug|x86.ActiveCfg = Debug|x86
		{771FCA3E-7245-4DC7-9F74-67739E4963D1}.Debug|x86.Build.0 = Debug|x86
		{771FCA3E-7245-4DC7-9F74-67739E4963D1}.Release|Any CPU.ActiveCfg = Release|Any CPU
		{771FCA3E-7245-4DC7-9F74-67739E4963D1}.Release|Any CPU.Build.0 = Release|Any CPU
		{771FCA3E-7245-4DC7-9F74-67739E4963D1}.Release|x64.ActiveCfg = Release|x64
		{771FCA3E-7245-4DC7-9F74-67739E4963D1}.Release|x64.Build.0 = Release|x64
		{771FCA3E-7245-4DC7-9F74-67739E4963D1}.Release|x86.ActiveCfg = Release|x86
		{771FCA3E-7245-4DC7-9F74-67739E4963D1}.Release|x86.Build.0 = Release|x86
		{5EED186E-8DB0-4909-BC37-1E64899A1925}.Debug|Any CPU.ActiveCfg = Debug|Any CPU
		{5EED186E-8DB0-4909-BC37-1E64899A1925}.Debug|Any CPU.Build.0 = Debug|Any CPU
		{5EED186E-8DB0-4909-BC37-1E64899A1925}.Debug|x64.ActiveCfg = Debug|x64
		{5EED186E-8DB0-4909-BC37-1E64899A1925}.Debug|x64.Build.0 = Debug|x64
		{5EED186E-8DB0-4909-BC37-1E64899A1925}.Debug|x86.ActiveCfg = Debug|x86
		{5EED186E-8DB0-4909-BC37-1E64899A1925}.Debug|x86.Build.0 = Debug|x86
		{5EED186E-8DB0-4909-BC37-1E64899A1925}.Release|Any CPU.ActiveCfg = Release|Any CPU
		{5EED186E-8DB0-4909-BC37-1E64899A1925}.Release|Any CPU.Build.0 = Release|Any CPU
		{5EED186E-8DB0-4909-BC37-1E64899A1925}.Release|x64.ActiveCfg = Release|x64
		{5EED186E-8DB0-4909-BC37-1E64899A1925}.Release|x64.Build.0 = Release|x64
		{5EED186E-8DB0-4909-BC37-1E64899A1925}.Release|x86.ActiveCfg = Release|x86
		{5EED186E-8DB0-4909-BC37-1E64899A1925}.Release|x86.Build.0 = Release|x86
		{686803D5-A5A2-4F8C-946B-778E1BA82318}.Debug|Any CPU.ActiveCfg = Debug|Any CPU
		{686803D5-A5A2-4F8C-946B-778E1BA82318}.Debug|Any CPU.Build.0 = Debug|Any CPU
		{686803D5-A5A2-4F8C-946B-778E1BA82318}.Debug|x64.ActiveCfg = Debug|x64
		{686803D5-A5A2-4F8C-946B-778E1BA82318}.Debug|x64.Build.0 = Debug|x64
		{686803D5-A5A2-4F8C-946B-778E1BA82318}.Debug|x86.ActiveCfg = Debug|x86
		{686803D5-A5A2-4F8C-946B-778E1BA82318}.Debug|x86.Build.0 = Debug|x86
		{686803D5-A5A2-4F8C-946B-778E1BA82318}.Release|Any CPU.ActiveCfg = Release|Any CPU
		{686803D5-A5A2-4F8C-946B-778E1BA82318}.Release|Any CPU.Build.0 = Release|Any CPU
		{686803D5-A5A2-4F8C-946B-778E1BA82318}.Release|x64.ActiveCfg = Release|x64
		{686803D5-A5A2-4F8C-946B-778E1BA82318}.Release|x64.Build.0 = Release|x64
		{686803D5-A5A2-4F8C-946B-778E1BA82318}.Release|x86.ActiveCfg = Release|x86
		{686803D5-A5A2-4F8C-946B-778E1BA82318}.Release|x86.Build.0 = Release|x86
		{56D66241-2AE5-4F08-B12E-EE41132D29B7}.Debug|Any CPU.ActiveCfg = Debug|Any CPU
		{56D66241-2AE5-4F08-B12E-EE41132D29B7}.Debug|Any CPU.Build.0 = Debug|Any CPU
		{56D66241-2AE5-4F08-B12E-EE41132D29B7}.Debug|x64.ActiveCfg = Debug|x64
		{56D66241-2AE5-4F08-B12E-EE41132D29B7}.Debug|x64.Build.0 = Debug|x64
		{56D66241-2AE5-4F08-B12E-EE41132D29B7}.Debug|x86.ActiveCfg = Debug|x86
		{56D66241-2AE5-4F08-B12E-EE41132D29B7}.Debug|x86.Build.0 = Debug|x86
		{56D66241-2AE5-4F08-B12E-EE41132D29B7}.Release|Any CPU.ActiveCfg = Release|Any CPU
		{56D66241-2AE5-4F08-B12E-EE41132D29B7}.Release|Any CPU.Build.0 = Release|Any CPU
		{56D66241-2AE5-4F08-B12E-EE41132D29B7}.Release|x64.ActiveCfg = Release|x64
		{56D66241-2AE5-4F08-B12E-EE41132D29B7}.Release|x64.Build.0 = Release|x64
		{56D66241-2AE5-4F08-B12E-EE41132D29B7}.Release|x86.ActiveCfg = Release|x86
		{56D66241-2AE5-4F08-B12E-EE41132D29B7}.Release|x86.Build.0 = Release|x86
		{45F00600-4D7C-4376-A673-27A958DD1F4E}.Debug|Any CPU.ActiveCfg = Debug|Any CPU
		{45F00600-4D7C-4376-A673-27A958DD1F4E}.Debug|Any CPU.Build.0 = Debug|Any CPU
		{45F00600-4D7C-4376-A673-27A958DD1F4E}.Debug|x64.ActiveCfg = Debug|x64
		{45F00600-4D7C-4376-A673-27A958DD1F4E}.Debug|x64.Build.0 = Debug|x64
		{45F00600-4D7C-4376-A673-27A958DD1F4E}.Debug|x86.ActiveCfg = Debug|x86
		{45F00600-4D7C-4376-A673-27A958DD1F4E}.Debug|x86.Build.0 = Debug|x86
		{45F00600-4D7C-4376-A673-27A958DD1F4E}.Release|Any CPU.ActiveCfg = Release|Any CPU
		{45F00600-4D7C-4376-A673-27A958DD1F4E}.Release|Any CPU.Build.0 = Release|Any CPU
		{45F00600-4D7C-4376-A673-27A958DD1F4E}.Release|x64.ActiveCfg = Release|x64
		{45F00600-4D7C-4376-A673-27A958DD1F4E}.Release|x64.Build.0 = Release|x64
		{45F00600-4D7C-4376-A673-27A958DD1F4E}.Release|x86.ActiveCfg = Release|x86
		{45F00600-4D7C-4376-A673-27A958DD1F4E}.Release|x86.Build.0 = Release|x86
	EndGlobalSection
	GlobalSection(SolutionProperties) = preSolution
		HideSolutionNode = FALSE
	EndGlobalSection
	GlobalSection(ExtensibilityGlobals) = postSolution
		SolutionGuid = {234756AB-3920-4F3F-8533-14D3D30CDCD6}
	EndGlobalSection
EndGlobal
