Microsoft Visual Studio Solution File, Format Version 12.00
# Visual Studio Version 17
VisualStudioVersion = 17.2.32630.192
MinimumVisualStudioVersion = 10.0.40219.1
Project("{9A19103F-16F7-4668-BE54-9A1E7A4F7556}") = "Org.Edgerunner.Moo.Udditor", "Org.Edgerunner.Moo.Udditor\Org.Edgerunner.Moo.Udditor.csproj", "{7ED1F958-260C-445E-946B-6F957160E309}"
EndProject
Project("{9A19103F-16F7-4668-BE54-9A1E7A4F7556}") = "Org.Edgerunner.Moo.Editor", "Org.Edgerunner.Moo.Editor\Org.Edgerunner.Moo.Editor.csproj", "{3CE5B1DA-8ABC-424B-B9B1-E3EA65943F8A}"
EndProject
Project("{9A19103F-16F7-4668-BE54-9A1E7A4F7556}") = "FastColoredTextBox", "FastColoredTextBox\FastColoredTextBox.csproj", "{1144B7FF-8137-4106-9B0D-E17EC389AF1C}"
EndProject
Project("{9A19103F-16F7-4668-BE54-9A1E7A4F7556}") = "Org.Edgerunner.ANTLR4.Tools.Common", "Org.Edgerunner.ANTLR4.Tools.Common\Org.Edgerunner.ANTLR4.Tools.Common.csproj", "{6CC0D81F-7082-4E46-BBE8-37A43C4DEA79}"
EndProject
Global
	GlobalSection(SolutionConfigurationPlatforms) = preSolution
		Debug|Any CPU = Debug|Any CPU
		Release|Any CPU = Release|Any CPU
	EndGlobalSection
	GlobalSection(ProjectConfigurationPlatforms) = postSolution
		{7ED1F958-260C-445E-946B-6F957160E309}.Debug|Any CPU.ActiveCfg = Debug|Any CPU
		{7ED1F958-260C-445E-946B-6F957160E309}.Debug|Any CPU.Build.0 = Debug|Any CPU
		{7ED1F958-260C-445E-946B-6F957160E309}.Release|Any CPU.ActiveCfg = Release|Any CPU
		{7ED1F958-260C-445E-946B-6F957160E309}.Release|Any CPU.Build.0 = Release|Any CPU
		{3CE5B1DA-8ABC-424B-B9B1-E3EA65943F8A}.Debug|Any CPU.ActiveCfg = Debug|Any CPU
		{3CE5B1DA-8ABC-424B-B9B1-E3EA65943F8A}.Debug|Any CPU.Build.0 = Debug|Any CPU
		{3CE5B1DA-8ABC-424B-B9B1-E3EA65943F8A}.Release|Any CPU.ActiveCfg = Release|Any CPU
		{3CE5B1DA-8ABC-424B-B9B1-E3EA65943F8A}.Release|Any CPU.Build.0 = Release|Any CPU
		{1144B7FF-8137-4106-9B0D-E17EC389AF1C}.Debug|Any CPU.ActiveCfg = Debug|Any CPU
		{1144B7FF-8137-4106-9B0D-E17EC389AF1C}.Debug|Any CPU.Build.0 = Debug|Any CPU
		{1144B7FF-8137-4106-9B0D-E17EC389AF1C}.Release|Any CPU.ActiveCfg = Release|Any CPU
		{1144B7FF-8137-4106-9B0D-E17EC389AF1C}.Release|Any CPU.Build.0 = Release|Any CPU
		{6CC0D81F-7082-4E46-BBE8-37A43C4DEA79}.Debug|Any CPU.ActiveCfg = Debug|Any CPU
		{6CC0D81F-7082-4E46-BBE8-37A43C4DEA79}.Debug|Any CPU.Build.0 = Debug|Any CPU
		{6CC0D81F-7082-4E46-BBE8-37A43C4DEA79}.Release|Any CPU.ActiveCfg = Release|Any CPU
		{6CC0D81F-7082-4E46-BBE8-37A43C4DEA79}.Release|Any CPU.Build.0 = Release|Any CPU
	EndGlobalSection
	GlobalSection(SolutionProperties) = preSolution
		HideSolutionNode = FALSE
	EndGlobalSection
	GlobalSection(ExtensibilityGlobals) = postSolution
		SolutionGuid = {234756AB-3920-4F3F-8533-14D3D30CDCD6}
	EndGlobalSection
EndGlobal
